
Microsoft Visual Studio Solution File, Format Version 12.00
# Visual Studio Version 16
VisualStudioVersion = 16.0.32901.82
MinimumVisualStudioVersion = 10.0.40219.1
Project("{888888A0-9F3D-457C-B088-3A5042F75D52}") = "FirstPyTorch", "FirstPyTorch\FirstPyTorch.pyproj", "{7C08EF53-B8AA-4E5D-96D2-6A1F6B258FA1}"
EndProject
Global
	GlobalSection(SolutionConfigurationPlatforms) = preSolution
		Debug|Any CPU = Debug|Any CPU
		Release|Any CPU = Release|Any CPU
	EndGlobalSection
	GlobalSection(ProjectConfigurationPlatforms) = postSolution
		{7C08EF53-B8AA-4E5D-96D2-6A1F6B258FA1}.Debug|Any CPU.ActiveCfg = Debug|Any CPU
		{7C08EF53-B8AA-4E5D-96D2-6A1F6B258FA1}.Release|Any CPU.ActiveCfg = Release|Any CPU
	EndGlobalSection
	GlobalSection(SolutionProperties) = preSolution
		HideSolutionNode = FALSE
	EndGlobalSection
	GlobalSection(ExtensibilityGlobals) = postSolution
		SolutionGuid = {7EF734E0-0083-4BD3-8F2C-B9AF6A31A197}
	EndGlobalSection
EndGlobal
